
Microsoft Visual Studio Solution File, Format Version 12.00
# Visual Studio Version 17
VisualStudioVersion = 17.4.33213.308
MinimumVisualStudioVersion = 10.0.40219.1
Project("{FAE04EC0-301F-11D3-BF4B-00C04F79EFBC}") = "JWTAuthenticationExample", "JWTAuthenticationExample\JWTAuthenticationExample.csproj", "{80992374-8DFC-4663-83F4-4AE5D7075B7A}"
EndProject
Global
	GlobalSection(SolutionConfigurationPlatforms) = preSolution
		Debug|Any CPU = Debug|Any CPU
		Release|Any CPU = Release|Any CPU
	EndGlobalSection
	GlobalSection(ProjectConfigurationPlatforms) = postSolution
		{80992374-8DFC-4663-83F4-4AE5D7075B7A}.Debug|Any CPU.ActiveCfg = Debug|Any CPU
		{80992374-8DFC-4663-83F4-4AE5D7075B7A}.Debug|Any CPU.Build.0 = Debug|Any CPU
		{80992374-8DFC-4663-83F4-4AE5D7075B7A}.Release|Any CPU.ActiveCfg = Release|Any CPU
		{80992374-8DFC-4663-83F4-4AE5D7075B7A}.Release|Any CPU.Build.0 = Release|Any CPU
	EndGlobalSection
	GlobalSection(SolutionProperties) = preSolution
		HideSolutionNode = FALSE
	EndGlobalSection
	GlobalSection(ExtensibilityGlobals) = postSolution
		SolutionGuid = {92AEC856-4613-4E7D-8AC1-70B1212DB586}
	EndGlobalSection
EndGlobal
